
Microsoft Visual Studio Solution File, Format Version 12.00
# Visual Studio 2013
VisualStudioVersion = 12.0.31101.0
MinimumVisualStudioVersion = 10.0.40219.1
Project("{FAE04EC0-301F-11D3-BF4B-00C04F79EFBC}") = "SignalrSample", "SignalrSample\SignalrSample.csproj", "{03AC6112-B218-4C46-B24C-769ED40E2666}"
EndProject
Project("{2150E333-8FDC-42A3-9474-1A3956D46DE8}") = ".nuget", ".nuget", "{F6D37478-AD11-4E75-95FD-5CB6683E34EF}"
	ProjectSection(SolutionItems) = preProject
		.nuget\packages.config = .nuget\packages.config
	EndProjectSection
EndProject
Global
	GlobalSection(SolutionConfigurationPlatforms) = preSolution
		Debug|Any CPU = Debug|Any CPU
		Release|Any CPU = Release|Any CPU
	EndGlobalSection
	GlobalSection(ProjectConfigurationPlatforms) = postSolution
		{03AC6112-B218-4C46-B24C-769ED40E2666}.Debug|Any CPU.ActiveCfg = Debug|Any CPU
		{03AC6112-B218-4C46-B24C-769ED40E2666}.Debug|Any CPU.Build.0 = Debug|Any CPU
		{03AC6112-B218-4C46-B24C-769ED40E2666}.Release|Any CPU.ActiveCfg = Release|Any CPU
		{03AC6112-B218-4C46-B24C-769ED40E2666}.Release|Any CPU.Build.0 = Release|Any CPU
	EndGlobalSection
	GlobalSection(SolutionProperties) = preSolution
		HideSolutionNode = FALSE
	EndGlobalSection
EndGlobal
